// !$*UTF8*$!
{
	archiveVersion = 1;
	classes = {
	};
	objectVersion = 46;
	objects = {

/* Begin PBXBuildFile section */
		7A663BDF19A2961E006EEABA /* AppDelegate.swift in Sources */ = {isa = PBXBuildFile; fileRef = 7A663BDE19A2961E006EEABA /* AppDelegate.swift */; };
		7A663BE119A2961E006EEABA /* ViewController.swift in Sources */ = {isa = PBXBuildFile; fileRef = 7A663BE019A2961E006EEABA /* ViewController.swift */; };
		7A663BE419A2961E006EEABA /* Main.storyboard in Resources */ = {isa = PBXBuildFile; fileRef = 7A663BE219A2961E006EEABA /* Main.storyboard */; };
		7A663BE619A2961E006EEABA /* Images.xcassets in Resources */ = {isa = PBXBuildFile; fileRef = 7A663BE519A2961E006EEABA /* Images.xcassets */; };
		7A663BF219A2961E006EEABA /* tipsTests.swift in Sources */ = {isa = PBXBuildFile; fileRef = 7A663BF119A2961E006EEABA /* tipsTests.swift */; };
		7A663BFD19A2BC53006EEABA /* SettingViewController.swift in Sources */ = {isa = PBXBuildFile; fileRef = 7A663BFC19A2BC53006EEABA /* SettingViewController.swift */; };
/* End PBXBuildFile section */

/* Begin PBXContainerItemProxy section */
		7A663BEC19A2961E006EEABA /* PBXContainerItemProxy */ = {
			isa = PBXContainerItemProxy;
			containerPortal = 7A663BD119A2961E006EEABA /* Project object */;
			proxyType = 1;
			remoteGlobalIDString = 7A663BD819A2961E006EEABA;
			remoteInfo = tips;
		};
/* End PBXContainerItemProxy section */

/* Begin PBXFileReference section */
		7A663BD919A2961E006EEABA /* tips.app */ = {isa = PBXFileReference; explicitFileType = wrapper.application; includeInIndex = 0; path = tips.app; sourceTree = BUILT_PRODUCTS_DIR; };
		7A663BDD19A2961E006EEABA /* Info.plist */ = {isa = PBXFileReference; lastKnownFileType = text.plist.xml; path = Info.plist; sourceTree = "<group>"; };
		7A663BDE19A2961E006EEABA /* AppDelegate.swift */ = {isa = PBXFileReference; lastKnownFileType = sourcecode.swift; path = AppDelegate.swift; sourceTree = "<group>"; };
		7A663BE019A2961E006EEABA /* ViewController.swift */ = {isa = PBXFileReference; lastKnownFileType = sourcecode.swift; path = ViewController.swift; sourceTree = "<group>"; };
		7A663BE319A2961E006EEABA /* Base */ = {isa = PBXFileReference; lastKnownFileType = file.storyboard; name = Base; path = Base.lproj/Main.storyboard; sourceTree = "<group>"; };
		7A663BE519A2961E006EEABA /* Images.xcassets */ = {isa = PBXFileReference; lastKnownFileType = folder.assetcatalog; path = Images.xcassets; sourceTree = "<group>"; };
		7A663BEB19A2961E006EEABA /* tipsTests.xctest */ = {isa = PBXFileReference; explicitFileType = wrapper.cfbundle; includeInIndex = 0; path = tipsTests.xctest; sourceTree = BUILT_PRODUCTS_DIR; };
		7A663BF019A2961E006EEABA /* Info.plist */ = {isa = PBXFileReference; lastKnownFileType = text.plist.xml; path = Info.plist; sourceTree = "<group>"; };
		7A663BF119A2961E006EEABA /* tipsTests.swift */ = {isa = PBXFileReference; lastKnownFileType = sourcecode.swift; path = tipsTests.swift; sourceTree = "<group>"; };
		7A663BFC19A2BC53006EEABA /* SettingViewController.swift */ = {isa = PBXFileReference; fileEncoding = 4; lastKnownFileType = sourcecode.swift; path = SettingViewController.swift; sourceTree = "<group>"; };
/* End PBXFileReference section */

/* Begin PBXFrameworksBuildPhase section */
		7A663BD619A2961E006EEABA /* Frameworks */ = {
			isa = PBXFrameworksBuildPhase;
			buildActionMask = 2147483647;
			files = (
			);
			runOnlyForDeploymentPostprocessing = 0;
		};
		7A663BE819A2961E006EEABA /* Frameworks */ = {
			isa = PBXFrameworksBuildPhase;
			buildActionMask = 2147483647;
			files = (
			);
			runOnlyForDeploymentPostprocessing = 0;
		};
/* End PBXFrameworksBuildPhase section */

/* Begin PBXGroup section */
		7A663BD019A2961E006EEABA = {
			isa = PBXGroup;
			children = (
				7A663BDB19A2961E006EEABA /* tips */,
				7A663BEE19A2961E006EEABA /* tipsTests */,
				7A663BDA19A2961E006EEABA /* Products */,
			);
			sourceTree = "<group>";
		};
		7A663BDA19A2961E006EEABA /* Products */ = {
			isa = PBXGroup;
			children = (
				7A663BD919A2961E006EEABA /* tips.app */,
				7A663BEB19A2961E006EEABA /* tipsTests.xctest */,
			);
			name = Products;
			sourceTree = "<group>";
		};
		7A663BDB19A2961E006EEABA /* tips */ = {
			isa = PBXGroup;
			children = (
				7A663BFB19A2BB87006EEABA /* View Controllers */,
				7A663BDE19A2961E006EEABA /* AppDelegate.swift */,
				7A663BE219A2961E006EEABA /* Main.storyboard */,
				7A663BE519A2961E006EEABA /* Images.xcassets */,
				7A663BDC19A2961E006EEABA /* Supporting Files */,
			);
			path = tips;
			sourceTree = "<group>";
		};
		7A663BDC19A2961E006EEABA /* Supporting Files */ = {
			isa = PBXGroup;
			children = (
				7A663BDD19A2961E006EEABA /* Info.plist */,
			);
			name = "Supporting Files";
			sourceTree = "<group>";
		};
		7A663BEE19A2961E006EEABA /* tipsTests */ = {
			isa = PBXGroup;
			children = (
				7A663BF119A2961E006EEABA /* tipsTests.swift */,
				7A663BEF19A2961E006EEABA /* Supporting Files */,
			);
			path = tipsTests;
			sourceTree = "<group>";
		};
		7A663BEF19A2961E006EEABA /* Supporting Files */ = {
			isa = PBXGroup;
			children = (
				7A663BF019A2961E006EEABA /* Info.plist */,
			);
			name = "Supporting Files";
			sourceTree = "<group>";
		};
		7A663BFB19A2BB87006EEABA /* View Controllers */ = {
			isa = PBXGroup;
			children = (
				7A663BE019A2961E006EEABA /* ViewController.swift */,
				7A663BFC19A2BC53006EEABA /* SettingViewController.swift */,
			);
			name = "View Controllers";
			sourceTree = "<group>";
		};
/* End PBXGroup section */

/* Begin PBXNativeTarget section */
		7A663BD819A2961E006EEABA /* tips */ = {
			isa = PBXNativeTarget;
			buildConfigurationList = 7A663BF519A2961E006EEABA /* Build configuration list for PBXNativeTarget "tips" */;
			buildPhases = (
				7A663BD519A2961E006EEABA /* Sources */,
				7A663BD619A2961E006EEABA /* Frameworks */,
				7A663BD719A2961E006EEABA /* Resources */,
			);
			buildRules = (
			);
			dependencies = (
			);
			name = tips;
			productName = tips;
			productReference = 7A663BD919A2961E006EEABA /* tips.app */;
			productType = "com.apple.product-type.application";
		};
		7A663BEA19A2961E006EEABA /* tipsTests */ = {
			isa = PBXNativeTarget;
			buildConfigurationList = 7A663BF819A2961E006EEABA /* Build configuration list for PBXNativeTarget "tipsTests" */;
			buildPhases = (
				7A663BE719A2961E006EEABA /* Sources */,
				7A663BE819A2961E006EEABA /* Frameworks */,
				7A663BE919A2961E006EEABA /* Resources */,
			);
			buildRules = (
			);
			dependencies = (
				7A663BED19A2961E006EEABA /* PBXTargetDependency */,
			);
			name = tipsTests;
			productName = tipsTests;
			productReference = 7A663BEB19A2961E006EEABA /* tipsTests.xctest */;
			productType = "com.apple.product-type.bundle.unit-test";
		};
/* End PBXNativeTarget section */

/* Begin PBXProject section */
		7A663BD119A2961E006EEABA /* Project object */ = {
			isa = PBXProject;
			attributes = {
				LastUpgradeCheck = 0600;
				ORGANIZATIONNAME = "Scott Liu";
				TargetAttributes = {
					7A663BD819A2961E006EEABA = {
						CreatedOnToolsVersion = 6.0;
					};
					7A663BEA19A2961E006EEABA = {
						CreatedOnToolsVersion = 6.0;
						TestTargetID = 7A663BD819A2961E006EEABA;
					};
				};
			};
			buildConfigurationList = 7A663BD419A2961E006EEABA /* Build configuration list for PBXProject "tips" */;
			compatibilityVersion = "Xcode 3.2";
			developmentRegion = English;
			hasScannedForEncodings = 0;
			knownRegions = (
				en,
				Base,
			);
			mainGroup = 7A663BD019A2961E006EEABA;
			productRefGroup = 7A663BDA19A2961E006EEABA /* Products */;
			projectDirPath = "";
			projectRoot = "";
			targets = (
				7A663BD819A2961E006EEABA /* tips */,
				7A663BEA19A2961E006EEABA /* tipsTests */,
			);
		};
/* End PBXProject section */

/* Begin PBXResourcesBuildPhase section */
		7A663BD719A2961E006EEABA /* Resources */ = {
			isa = PBXResourcesBuildPhase;
			buildActionMask = 2147483647;
			files = (
				7A663BE419A2961E006EEABA /* Main.storyboard in Resources */,
				7A663BE619A2961E006EEABA /* Images.xcassets in Resources */,
			);
			runOnlyForDeploymentPostprocessing = 0;
		};
		7A663BE919A2961E006EEABA /* Resources */ = {
			isa = PBXResourcesBuildPhase;
			buildActionMask = 2147483647;
			files = (
			);
			runOnlyForDeploymentPostprocessing = 0;
		};
/* End PBXResourcesBuildPhase section */

/* Begin PBXSourcesBuildPhase section */
		7A663BD519A2961E006EEABA /* Sources */ = {
			isa = PBXSourcesBuildPhase;
			buildActionMask = 2147483647;
			files = (
				7A663BE119A2961E006EEABA /* ViewController.swift in Sources */,
				7A663BDF19A2961E006EEABA /* AppDelegate.swift in Sources */,
				7A663BFD19A2BC53006EEABA /* SettingViewController.swift in Sources */,
			);
			runOnlyForDeploymentPostprocessing = 0;
		};
		7A663BE719A2961E006EEABA /* Sources */ = {
			isa = PBXSourcesBuildPhase;
			buildActionMask = 2147483647;
			files = (
				7A663BF219A2961E006EEABA /* tipsTests.swift in Sources */,
			);
			runOnlyForDeploymentPostprocessing = 0;
		};
/* End PBXSourcesBuildPhase section */

/* Begin PBXTargetDependency section */
		7A663BED19A2961E006EEABA /* PBXTargetDependency */ = {
			isa = PBXTargetDependency;
			target = 7A663BD819A2961E006EEABA /* tips */;
			targetProxy = 7A663BEC19A2961E006EEABA /* PBXContainerItemProxy */;
		};
/* End PBXTargetDependency section */

/* Begin PBXVariantGroup section */
		7A663BE219A2961E006EEABA /* Main.storyboard */ = {
			isa = PBXVariantGroup;
			children = (
				7A663BE319A2961E006EEABA /* Base */,
			);
			name = Main.storyboard;
			sourceTree = "<group>";
		};
/* End PBXVariantGroup section */

/* Begin XCBuildConfiguration section */
		7A663BF319A2961E006EEABA /* Debug */ = {
			isa = XCBuildConfiguration;
			buildSettings = {
				ALWAYS_SEARCH_USER_PATHS = NO;
				CLANG_CXX_LANGUAGE_STANDARD = "gnu++0x";
				CLANG_CXX_LIBRARY = "libc++";
				CLANG_ENABLE_MODULES = YES;
				CLANG_ENABLE_OBJC_ARC = YES;
				CLANG_WARN_BOOL_CONVERSION = YES;
				CLANG_WARN_CONSTANT_CONVERSION = YES;
				CLANG_WARN_DIRECT_OBJC_ISA_USAGE = YES_ERROR;
				CLANG_WARN_EMPTY_BODY = YES;
				CLANG_WARN_ENUM_CONVERSION = YES;
				CLANG_WARN_INT_CONVERSION = YES;
				CLANG_WARN_OBJC_ROOT_CLASS = YES_ERROR;
				CLANG_WARN_UNREACHABLE_CODE = YES;
				CLANG_WARN__DUPLICATE_METHOD_MATCH = YES;
				"CODE_SIGN_IDENTITY[sdk=iphoneos*]" = "iPhone Developer";
				COPY_PHASE_STRIP = NO;
				ENABLE_STRICT_OBJC_MSGSEND = YES;
				GCC_C_LANGUAGE_STANDARD = gnu99;
				GCC_DYNAMIC_NO_PIC = NO;
				GCC_OPTIMIZATION_LEVEL = 0;
				GCC_PREPROCESSOR_DEFINITIONS = (
					"DEBUG=1",
					"$(inherited)",
				);
				GCC_SYMBOLS_PRIVATE_EXTERN = NO;
				GCC_WARN_64_TO_32_BIT_CONVERSION = YES;
				GCC_WARN_ABOUT_RETURN_TYPE = YES_ERROR;
				GCC_WARN_UNDECLARED_SELECTOR = YES;
				GCC_WARN_UNINITIALIZED_AUTOS = YES_AGGRESSIVE;
				GCC_WARN_UNUSED_FUNCTION = YES;
				GCC_WARN_UNUSED_VARIABLE = YES;
				IPHONEOS_DEPLOYMENT_TARGET = 8.0;
				MTL_ENABLE_DEBUG_INFO = YES;
				ONLY_ACTIVE_ARCH = YES;
				SDKROOT = iphoneos;
				SWIFT_OPTIMIZATION_LEVEL = "-Onone";
			};
			name = Debug;
		};
		7A663BF419A2961E006EEABA /* Release */ = {
			isa = XCBuildConfiguration;
			buildSettings = {
				ALWAYS_SEARCH_USER_PATHS = NO;
				CLANG_CXX_LANGUAGE_STANDARD = "gnu++0x";
				CLANG_CXX_LIBRARY = "libc++";
				CLANG_ENABLE_MODULES = YES;
				CLANG_ENABLE_OBJC_ARC = YES;
				CLANG_WARN_BOOL_CONVERSION = YES;
				CLANG_WARN_CONSTANT_CONVERSION = YES;
				CLANG_WARN_DIRECT_OBJC_ISA_USAGE = YES_ERROR;
				CLANG_WARN_EMPTY_BODY = YES;
				CLANG_WARN_ENUM_CONVERSION = YES;
				CLANG_WARN_INT_CONVERSION = YES;
				CLANG_WARN_OBJC_ROOT_CLASS = YES_ERROR;
				CLANG_WARN_UNREACHABLE_CODE = YES;
				CLANG_WARN__DUPLICATE_METHOD_MATCH = YES;
				"CODE_SIGN_IDENTITY[sdk=iphoneos*]" = "iPhone Developer";
				COPY_PHASE_STRIP = YES;
				ENABLE_NS_ASSERTIONS = NO;
				ENABLE_STRICT_OBJC_MSGSEND = YES;
				GCC_C_LANGUAGE_STANDARD = gnu99;
				GCC_WARN_64_TO_32_BIT_CONVERSION = YES;
				GCC_WARN_ABOUT_RETURN_TYPE = YES_ERROR;
				GCC_WARN_UNDECLARED_SELECTOR = YES;
				GCC_WARN_UNINITIALIZED_AUTOS = YES_AGGRESSIVE;
				GCC_WARN_UNUSED_FUNCTION = YES;
				GCC_WARN_UNUSED_VARIABLE = YES;
				IPHONEOS_DEPLOYMENT_TARGET = 8.0;
				MTL_ENABLE_DEBUG_INFO = NO;
				SDKROOT = iphoneos;
				VALIDATE_PRODUCT = YES;
			};
			name = Release;
		};
		7A663BF619A2961E006EEABA /* Debug */ = {
			isa = XCBuildConfiguration;
			buildSettings = {
				ASSETCATALOG_COMPILER_APPICON_NAME = AppIcon;
				ASSETCATALOG_COMPILER_LAUNCHIMAGE_NAME = LaunchImage;
				INFOPLIST_FILE = tips/Info.plist;
				IPHONEOS_DEPLOYMENT_TARGET = 7.0;
				LD_RUNPATH_SEARCH_PATHS = "$(inherited) @executable_path/Frameworks";
				PRODUCT_NAME = "$(TARGET_NAME)";
			};
			name = Debug;
		};
		7A663BF719A2961E006EEABA /* Release */ = {
			isa = XCBuildConfiguration;
			buildSettings = {
				ASSETCATALOG_COMPILER_APPICON_NAME = AppIcon;
				ASSETCATALOG_COMPILER_LAUNCHIMAGE_NAME = LaunchImage;
				INFOPLIST_FILE = tips/Info.plist;
				IPHONEOS_DEPLOYMENT_TARGET = 7.0;
				LD_RUNPATH_SEARCH_PATHS = "$(inherited) @executable_path/Frameworks";
				PRODUCT_NAME = "$(TARGET_NAME)";
			};
			name = Release;
		};
		7A663BF919A2961E006EEABA /* Debug */ = {
			isa = XCBuildConfiguration;
			buildSettings = {
				BUNDLE_LOADER = "$(TEST_HOST)";
				FRAMEWORK_SEARCH_PATHS = (
					"$(SDKROOT)/Developer/Library/Frameworks",
					"$(inherited)",
				);
				GCC_PREPROCESSOR_DEFINITIONS = (
					"DEBUG=1",
					"$(inherited)",
				);
				INFOPLIST_FILE = tipsTests/Info.plist;
				LD_RUNPATH_SEARCH_PATHS = "$(inherited) @executable_path/Frameworks @loader_path/Frameworks";
				PRODUCT_NAME = "$(TARGET_NAME)";
				TEST_HOST = "$(BUILT_PRODUCTS_DIR)/tips.app/tips";
			};
			name = Debug;
		};
		7A663BFA19A2961E006EEABA /* Release */ = {
			isa = XCBuildConfiguration;
			buildSettings = {
				BUNDLE_LOADER = "$(TEST_HOST)";
				FRAMEWORK_SEARCH_PATHS = (
					"$(SDKROOT)/Developer/Library/Frameworks",
					"$(inherited)",
				);
				INFOPLIST_FILE = tipsTests/Info.plist;
				LD_RUNPATH_SEARCH_PATHS = "$(inherited) @executable_path/Frameworks @loader_path/Frameworks";
				PRODUCT_NAME = "$(TARGET_NAME)";
				TEST_HOST = "$(BUILT_PRODUCTS_DIR)/tips.app/tips";
			};
			name = Release;
		};
/* End XCBuildConfiguration section */

/* Begin XCConfigurationList section */
		7A663BD419A2961E006EEABA /* Build configuration list for PBXProject "tips" */ = {
			isa = XCConfigurationList;
			buildConfigurations = (
				7A663BF319A2961E006EEABA /* Debug */,
				7A663BF419A2961E006EEABA /* Release */,
			);
			defaultConfigurationIsVisible = 0;
			defaultConfigurationName = Release;
		};
		7A663BF519A2961E006EEABA /* Build configuration list for PBXNativeTarget "tips" */ = {
			isa = XCConfigurationList;
			buildConfigurations = (
				7A663BF619A2961E006EEABA /* Debug */,
				7A663BF719A2961E006EEABA /* Release */,
			);
			defaultConfigurationIsVisible = 0;
			defaultConfigurationName = Release;
		};
		7A663BF819A2961E006EEABA /* Build configuration list for PBXNativeTarget "tipsTests" */ = {
			isa = XCConfigurationList;
			buildConfigurations = (
				7A663BF919A2961E006EEABA /* Debug */,
				7A663BFA19A2961E006EEABA /* Release */,
			);
			defaultConfigurationIsVisible = 0;
			defaultConfigurationName = Release;
		};
/* End XCConfigurationList section */
	};
	rootObject = 7A663BD119A2961E006EEABA /* Project object */;
}
